
Microsoft Visual Studio Solution File, Format Version 12.00
# Visual Studio 15
VisualStudioVersion = 15.0.27428.2027
MinimumVisualStudioVersion = 10.0.40219.1
Project("{FAE04EC0-301F-11D3-BF4B-00C04F79EFBC}") = "Exercise03_A", "Exercise03_A\Exercise03_A.csproj", "{48C14194-89DA-4A70-A9E4-08D8762CE432}"
EndProject
Project("{FAE04EC0-301F-11D3-BF4B-00C04F79EFBC}") = "Exercise03_B", "Exercise03_B\Exercise03_B.csproj", "{BCDFD9FB-4582-4590-BEAA-8E9E79A807B8}"
EndProject
Global
	GlobalSection(SolutionConfigurationPlatforms) = preSolution
		Debug|Any CPU = Debug|Any CPU
		Release|Any CPU = Release|Any CPU
	EndGlobalSection
	GlobalSection(ProjectConfigurationPlatforms) = postSolution
		{48C14194-89DA-4A70-A9E4-08D8762CE432}.Debug|Any CPU.ActiveCfg = Debug|Any CPU
		{48C14194-89DA-4A70-A9E4-08D8762CE432}.Debug|Any CPU.Build.0 = Debug|Any CPU
		{48C14194-89DA-4A70-A9E4-08D8762CE432}.Release|Any CPU.ActiveCfg = Release|Any CPU
		{48C14194-89DA-4A70-A9E4-08D8762CE432}.Release|Any CPU.Build.0 = Release|Any CPU
		{BCDFD9FB-4582-4590-BEAA-8E9E79A807B8}.Debug|Any CPU.ActiveCfg = Debug|Any CPU
		{BCDFD9FB-4582-4590-BEAA-8E9E79A807B8}.Debug|Any CPU.Build.0 = Debug|Any CPU
		{BCDFD9FB-4582-4590-BEAA-8E9E79A807B8}.Release|Any CPU.ActiveCfg = Release|Any CPU
		{BCDFD9FB-4582-4590-BEAA-8E9E79A807B8}.Release|Any CPU.Build.0 = Release|Any CPU
	EndGlobalSection
	GlobalSection(SolutionProperties) = preSolution
		HideSolutionNode = FALSE
	EndGlobalSection
	GlobalSection(ExtensibilityGlobals) = postSolution
		SolutionGuid = {D422A2B8-2AB6-40E7-BAC2-8D2F2462481A}
	EndGlobalSection
EndGlobal
